
Microsoft Visual Studio Solution File, Format Version 12.00
Project("{FAE04EC0-301F-11D3-BF4B-00C04F79EFBC}") = "OnlineChat", "OnlineChat\OnlineChat.csproj", "{2B4F2B9D-21F9-46C6-BBC5-803F83F41A84}"
EndProject
Global
	GlobalSection(SolutionConfigurationPlatforms) = preSolution
		Debug|Any CPU = Debug|Any CPU
		Release|Any CPU = Release|Any CPU
	EndGlobalSection
	GlobalSection(ProjectConfigurationPlatforms) = postSolution
		{2B4F2B9D-21F9-46C6-BBC5-803F83F41A84}.Debug|Any CPU.ActiveCfg = Debug|Any CPU
		{2B4F2B9D-21F9-46C6-BBC5-803F83F41A84}.Debug|Any CPU.Build.0 = Debug|Any CPU
		{2B4F2B9D-21F9-46C6-BBC5-803F83F41A84}.Release|Any CPU.ActiveCfg = Release|Any CPU
		{2B4F2B9D-21F9-46C6-BBC5-803F83F41A84}.Release|Any CPU.Build.0 = Release|Any CPU
	EndGlobalSection
EndGlobal
